
Microsoft Visual Studio Solution File, Format Version 12.00
# Visual Studio Version 17
VisualStudioVersion = 17.0.32014.148
MinimumVisualStudioVersion = 10.0.40219.1
Project("{2150E333-8FDC-42A3-9474-1A3956D46DE8}") = "src", "src", "{CA9AC87F-097E-4F15-8393-4BC07735A5B0}"
EndProject
Project("{2150E333-8FDC-42A3-9474-1A3956D46DE8}") = "test", "test", "{04DBDB01-70F4-4E06-B468-8F87850B22BE}"
EndProject
Project("{9A19103F-16F7-4668-BE54-9A1E7A4F7556}") = "Blog.Application.Tests", "test\Blog.Application.Tests\Blog.Application.Tests.csproj", "{50B2631D-129C-47B3-A587-029CCD6099BC}"
EndProject
Project("{9A19103F-16F7-4668-BE54-9A1E7A4F7556}") = "Blog.EntityFrameworkCore.Tests", "test\Blog.EntityFrameworkCore.Tests\Blog.EntityFrameworkCore.Tests.csproj", "{1FE30EB9-74A9-47F5-A9F6-7B1FAB672D81}"
EndProject
Project("{9A19103F-16F7-4668-BE54-9A1E7A4F7556}") = "Blog.TestBase", "test\Blog.TestBase\Blog.TestBase.csproj", "{91853F21-9CD9-4132-BC29-A7D5D84FFFE7}"
EndProject
Project("{9A19103F-16F7-4668-BE54-9A1E7A4F7556}") = "Blog.Domain.Tests", "test\Blog.Domain.Tests\Blog.Domain.Tests.csproj", "{E512F4D9-9375-480F-A2F6-A46509F9D824}"
EndProject
Project("{2150E333-8FDC-42A3-9474-1A3956D46DE8}") = "application", "application", "{44AF65A5-F1F7-430F-BFFD-1C96D63E3844}"
EndProject
Project("{2150E333-8FDC-42A3-9474-1A3956D46DE8}") = "add", "add", "{AF48B689-2FB5-4786-94DE-DDABDF758098}"
	ProjectSection(SolutionItems) = preProject
		.editorconfig = .editorconfig
		.gitignore = .gitignore
		common.props = common.props
		README.md = README.md
	EndProjectSection
EndProject
Project("{2150E333-8FDC-42A3-9474-1A3956D46DE8}") = "core", "core", "{695C6BB2-9871-4178-9F63-61C5E45FB45C}"
EndProject
Project("{2150E333-8FDC-42A3-9474-1A3956D46DE8}") = "infrastructure", "infrastructure", "{EA2B3274-6CF1-400A-B2E7-83DC06A4D3F2}"
EndProject
Project("{9A19103F-16F7-4668-BE54-9A1E7A4F7556}") = "Blog.DbMigrator", "src\Blog.DbMigrator\Blog.DbMigrator.csproj", "{9713072B-559D-481B-9A5B-C7578773A189}"
EndProject
Project("{9A19103F-16F7-4668-BE54-9A1E7A4F7556}") = "Blog.HttpApi", "src\Blog.HttpApi\Blog.HttpApi.csproj", "{066E8E1D-2FFA-4EF4-82F0-9B9A2642C758}"
EndProject
Project("{9A19103F-16F7-4668-BE54-9A1E7A4F7556}") = "Blog.HttpApi.Host", "src\Blog.HttpApi.Host\Blog.HttpApi.Host.csproj", "{FA3B4910-4C31-4186-B9FB-F5C7BC1A77A5}"
EndProject
Project("{9A19103F-16F7-4668-BE54-9A1E7A4F7556}") = "Blog.EntityFrameworkCore", "src\Blog.EntityFrameworkCore\Blog.EntityFrameworkCore.csproj", "{85563C57-B24F-4374-A638-D914BE5E2969}"
EndProject
Project("{9A19103F-16F7-4668-BE54-9A1E7A4F7556}") = "Blog.Application", "src\Blog.Application\Blog.Application.csproj", "{131946F2-6C65-42E5-AD58-055986EAD913}"
EndProject
Project("{9A19103F-16F7-4668-BE54-9A1E7A4F7556}") = "Blog.Application.Contracts", "src\Blog.Application.Contracts\Blog.Application.Contracts.csproj", "{F41D190A-0881-446B-BF03-8ED5D6BD0CB6}"
EndProject
Project("{9A19103F-16F7-4668-BE54-9A1E7A4F7556}") = "Blog.Domain", "src\Blog.Domain\Blog.Domain.csproj", "{6ADFD6A1-2218-48AB-88A5-00AB600C29F0}"
EndProject
Project("{9A19103F-16F7-4668-BE54-9A1E7A4F7556}") = "Blog.Domain.Shared", "src\Blog.Domain.Shared\Blog.Domain.Shared.csproj", "{1DC44752-EA1C-4B6A-A68D-96BF95F65057}"
EndProject
Project("{9A19103F-16F7-4668-BE54-9A1E7A4F7556}") = "Blog.Facilities", "src\Blog.Facilities\Blog.Facilities.csproj", "{5E6E96FA-1209-449A-ADB4-C3FD335818B1}"
EndProject
Global
	GlobalSection(SolutionConfigurationPlatforms) = preSolution
		Debug|Any CPU = Debug|Any CPU
		Release|Any CPU = Release|Any CPU
	EndGlobalSection
	GlobalSection(ProjectConfigurationPlatforms) = postSolution
		{50B2631D-129C-47B3-A587-029CCD6099BC}.Debug|Any CPU.ActiveCfg = Debug|Any CPU
		{50B2631D-129C-47B3-A587-029CCD6099BC}.Debug|Any CPU.Build.0 = Debug|Any CPU
		{50B2631D-129C-47B3-A587-029CCD6099BC}.Release|Any CPU.ActiveCfg = Release|Any CPU
		{50B2631D-129C-47B3-A587-029CCD6099BC}.Release|Any CPU.Build.0 = Release|Any CPU
		{1FE30EB9-74A9-47F5-A9F6-7B1FAB672D81}.Debug|Any CPU.ActiveCfg = Debug|Any CPU
		{1FE30EB9-74A9-47F5-A9F6-7B1FAB672D81}.Debug|Any CPU.Build.0 = Debug|Any CPU
		{1FE30EB9-74A9-47F5-A9F6-7B1FAB672D81}.Release|Any CPU.ActiveCfg = Release|Any CPU
		{1FE30EB9-74A9-47F5-A9F6-7B1FAB672D81}.Release|Any CPU.Build.0 = Release|Any CPU
		{91853F21-9CD9-4132-BC29-A7D5D84FFFE7}.Debug|Any CPU.ActiveCfg = Debug|Any CPU
		{91853F21-9CD9-4132-BC29-A7D5D84FFFE7}.Debug|Any CPU.Build.0 = Debug|Any CPU
		{91853F21-9CD9-4132-BC29-A7D5D84FFFE7}.Release|Any CPU.ActiveCfg = Release|Any CPU
		{91853F21-9CD9-4132-BC29-A7D5D84FFFE7}.Release|Any CPU.Build.0 = Release|Any CPU
		{E512F4D9-9375-480F-A2F6-A46509F9D824}.Debug|Any CPU.ActiveCfg = Debug|Any CPU
		{E512F4D9-9375-480F-A2F6-A46509F9D824}.Debug|Any CPU.Build.0 = Debug|Any CPU
		{E512F4D9-9375-480F-A2F6-A46509F9D824}.Release|Any CPU.ActiveCfg = Release|Any CPU
		{E512F4D9-9375-480F-A2F6-A46509F9D824}.Release|Any CPU.Build.0 = Release|Any CPU
		{9713072B-559D-481B-9A5B-C7578773A189}.Debug|Any CPU.ActiveCfg = Debug|Any CPU
		{9713072B-559D-481B-9A5B-C7578773A189}.Debug|Any CPU.Build.0 = Debug|Any CPU
		{9713072B-559D-481B-9A5B-C7578773A189}.Release|Any CPU.ActiveCfg = Release|Any CPU
		{9713072B-559D-481B-9A5B-C7578773A189}.Release|Any CPU.Build.0 = Release|Any CPU
		{066E8E1D-2FFA-4EF4-82F0-9B9A2642C758}.Debug|Any CPU.ActiveCfg = Debug|Any CPU
		{066E8E1D-2FFA-4EF4-82F0-9B9A2642C758}.Debug|Any CPU.Build.0 = Debug|Any CPU
		{066E8E1D-2FFA-4EF4-82F0-9B9A2642C758}.Release|Any CPU.ActiveCfg = Release|Any CPU
		{066E8E1D-2FFA-4EF4-82F0-9B9A2642C758}.Release|Any CPU.Build.0 = Release|Any CPU
		{FA3B4910-4C31-4186-B9FB-F5C7BC1A77A5}.Debug|Any CPU.ActiveCfg = Debug|Any CPU
		{FA3B4910-4C31-4186-B9FB-F5C7BC1A77A5}.Debug|Any CPU.Build.0 = Debug|Any CPU
		{FA3B4910-4C31-4186-B9FB-F5C7BC1A77A5}.Release|Any CPU.ActiveCfg = Release|Any CPU
		{FA3B4910-4C31-4186-B9FB-F5C7BC1A77A5}.Release|Any CPU.Build.0 = Release|Any CPU
		{85563C57-B24F-4374-A638-D914BE5E2969}.Debug|Any CPU.ActiveCfg = Debug|Any CPU
		{85563C57-B24F-4374-A638-D914BE5E2969}.Debug|Any CPU.Build.0 = Debug|Any CPU
		{85563C57-B24F-4374-A638-D914BE5E2969}.Release|Any CPU.ActiveCfg = Release|Any CPU
		{85563C57-B24F-4374-A638-D914BE5E2969}.Release|Any CPU.Build.0 = Release|Any CPU
		{131946F2-6C65-42E5-AD58-055986EAD913}.Debug|Any CPU.ActiveCfg = Debug|Any CPU
		{131946F2-6C65-42E5-AD58-055986EAD913}.Debug|Any CPU.Build.0 = Debug|Any CPU
		{131946F2-6C65-42E5-AD58-055986EAD913}.Release|Any CPU.ActiveCfg = Release|Any CPU
		{131946F2-6C65-42E5-AD58-055986EAD913}.Release|Any CPU.Build.0 = Release|Any CPU
		{F41D190A-0881-446B-BF03-8ED5D6BD0CB6}.Debug|Any CPU.ActiveCfg = Debug|Any CPU
		{F41D190A-0881-446B-BF03-8ED5D6BD0CB6}.Debug|Any CPU.Build.0 = Debug|Any CPU
		{F41D190A-0881-446B-BF03-8ED5D6BD0CB6}.Release|Any CPU.ActiveCfg = Release|Any CPU
		{F41D190A-0881-446B-BF03-8ED5D6BD0CB6}.Release|Any CPU.Build.0 = Release|Any CPU
		{6ADFD6A1-2218-48AB-88A5-00AB600C29F0}.Debug|Any CPU.ActiveCfg = Debug|Any CPU
		{6ADFD6A1-2218-48AB-88A5-00AB600C29F0}.Debug|Any CPU.Build.0 = Debug|Any CPU
		{6ADFD6A1-2218-48AB-88A5-00AB600C29F0}.Release|Any CPU.ActiveCfg = Release|Any CPU
		{6ADFD6A1-2218-48AB-88A5-00AB600C29F0}.Release|Any CPU.Build.0 = Release|Any CPU
		{1DC44752-EA1C-4B6A-A68D-96BF95F65057}.Debug|Any CPU.ActiveCfg = Debug|Any CPU
		{1DC44752-EA1C-4B6A-A68D-96BF95F65057}.Debug|Any CPU.Build.0 = Debug|Any CPU
		{1DC44752-EA1C-4B6A-A68D-96BF95F65057}.Release|Any CPU.ActiveCfg = Release|Any CPU
		{1DC44752-EA1C-4B6A-A68D-96BF95F65057}.Release|Any CPU.Build.0 = Release|Any CPU
		{5E6E96FA-1209-449A-ADB4-C3FD335818B1}.Debug|Any CPU.ActiveCfg = Debug|Any CPU
		{5E6E96FA-1209-449A-ADB4-C3FD335818B1}.Debug|Any CPU.Build.0 = Debug|Any CPU
		{5E6E96FA-1209-449A-ADB4-C3FD335818B1}.Release|Any CPU.ActiveCfg = Release|Any CPU
		{5E6E96FA-1209-449A-ADB4-C3FD335818B1}.Release|Any CPU.Build.0 = Release|Any CPU
	EndGlobalSection
	GlobalSection(SolutionProperties) = preSolution
		HideSolutionNode = FALSE
	EndGlobalSection
	GlobalSection(NestedProjects) = preSolution
		{50B2631D-129C-47B3-A587-029CCD6099BC} = {04DBDB01-70F4-4E06-B468-8F87850B22BE}
		{1FE30EB9-74A9-47F5-A9F6-7B1FAB672D81} = {04DBDB01-70F4-4E06-B468-8F87850B22BE}
		{91853F21-9CD9-4132-BC29-A7D5D84FFFE7} = {04DBDB01-70F4-4E06-B468-8F87850B22BE}
		{E512F4D9-9375-480F-A2F6-A46509F9D824} = {04DBDB01-70F4-4E06-B468-8F87850B22BE}
		{44AF65A5-F1F7-430F-BFFD-1C96D63E3844} = {CA9AC87F-097E-4F15-8393-4BC07735A5B0}
		{695C6BB2-9871-4178-9F63-61C5E45FB45C} = {CA9AC87F-097E-4F15-8393-4BC07735A5B0}
		{EA2B3274-6CF1-400A-B2E7-83DC06A4D3F2} = {CA9AC87F-097E-4F15-8393-4BC07735A5B0}
		{9713072B-559D-481B-9A5B-C7578773A189} = {44AF65A5-F1F7-430F-BFFD-1C96D63E3844}
		{066E8E1D-2FFA-4EF4-82F0-9B9A2642C758} = {44AF65A5-F1F7-430F-BFFD-1C96D63E3844}
		{FA3B4910-4C31-4186-B9FB-F5C7BC1A77A5} = {44AF65A5-F1F7-430F-BFFD-1C96D63E3844}
		{85563C57-B24F-4374-A638-D914BE5E2969} = {EA2B3274-6CF1-400A-B2E7-83DC06A4D3F2}
		{131946F2-6C65-42E5-AD58-055986EAD913} = {695C6BB2-9871-4178-9F63-61C5E45FB45C}
		{F41D190A-0881-446B-BF03-8ED5D6BD0CB6} = {695C6BB2-9871-4178-9F63-61C5E45FB45C}
		{6ADFD6A1-2218-48AB-88A5-00AB600C29F0} = {695C6BB2-9871-4178-9F63-61C5E45FB45C}
		{1DC44752-EA1C-4B6A-A68D-96BF95F65057} = {695C6BB2-9871-4178-9F63-61C5E45FB45C}
		{5E6E96FA-1209-449A-ADB4-C3FD335818B1} = {EA2B3274-6CF1-400A-B2E7-83DC06A4D3F2}
	EndGlobalSection
	GlobalSection(ExtensibilityGlobals) = postSolution
		SolutionGuid = {28315BFD-90E7-4E14-A2EA-F3D23AF4126F}
	EndGlobalSection
EndGlobal
